
Microsoft Visual Studio Solution File, Format Version 12.00
# Visual Studio Version 16
VisualStudioVersion = 16.0.29403.142
MinimumVisualStudioVersion = 10.0.40219.1
Project("{FAE04EC0-301F-11D3-BF4B-00C04F79EFBC}") = "Library", "Library.csproj", "{18A677F7-F560-4606-A0E3-D2E5BD54A468}"
EndProject
Global
	GlobalSection(SolutionConfigurationPlatforms) = preSolution
		Debug|Any CPU = Debug|Any CPU
		Release|Any CPU = Release|Any CPU
	EndGlobalSection
	GlobalSection(ProjectConfigurationPlatforms) = postSolution
		{18A677F7-F560-4606-A0E3-D2E5BD54A468}.Debug|Any CPU.ActiveCfg = Debug|Any CPU
		{18A677F7-F560-4606-A0E3-D2E5BD54A468}.Debug|Any CPU.Build.0 = Debug|Any CPU
		{18A677F7-F560-4606-A0E3-D2E5BD54A468}.Release|Any CPU.ActiveCfg = Release|Any CPU
		{18A677F7-F560-4606-A0E3-D2E5BD54A468}.Release|Any CPU.Build.0 = Release|Any CPU
	EndGlobalSection
	GlobalSection(SolutionProperties) = preSolution
		HideSolutionNode = FALSE
	EndGlobalSection
	GlobalSection(ExtensibilityGlobals) = postSolution
		SolutionGuid = {0E9D204C-6E2F-4ECB-AA27-435FE3D302A8}
	EndGlobalSection
EndGlobal
